{
  "requires": true,
  "lockfileVersion": 1,
  "dependencies": {
    "@angular/cdk": {
      "version": "github:angular/cdk-builds#0bad6cd2877e64fc56b87260e9947fb593d46cfd",
      "requires": {
        "tslib": "1.9.0"
      }
    },
    "@angular/material": {
      "version": "github:angular/material2-builds#4490a73bc3f51a5da0e1bba3b09f810bc5bb1e88",
      "requires": {
        "tslib": "1.9.0"
      }
    },
    "tslib": {
      "version": "1.9.0",
      "resolved": "https://registry.npmjs.org/tslib/-/tslib-1.9.0.tgz",
      "integrity": "sha512-f/qGG2tUkrISBlQZEjEqoZ3B2+npJjIf04H1wuAv9iA8i04Icp+61KRXxFdha22670NJopsZCIjhC3SnjPRKrQ=="
    }
  }
}
